// !$*UTF8*$!
{
	archiveVersion = 1;
	classes = {
	};
	objectVersion = 50;
	objects = {

/* Begin PBXBuildFile section */
		FABE007B26BDB3CF003E8F24 /* AppDelegate.swift in Sources */ = {isa = PBXBuildFile; fileRef = FABE007A26BDB3CF003E8F24 /* AppDelegate.swift */; };
		FABE007D26BDB3CF003E8F24 /* SceneDelegate.swift in Sources */ = {isa = PBXBuildFile; fileRef = FABE007C26BDB3CF003E8F24 /* SceneDelegate.swift */; };
		FABE007F26BDB3CF003E8F24 /* ViewController.swift in Sources */ = {isa = PBXBuildFile; fileRef = FABE007E26BDB3CF003E8F24 /* ViewController.swift */; };
		FABE008226BDB3CF003E8F24 /* Main.storyboard in Resources */ = {isa = PBXBuildFile; fileRef = FABE008026BDB3CF003E8F24 /* Main.storyboard */; };
		FABE008426BDB3D0003E8F24 /* Assets.xcassets in Resources */ = {isa = PBXBuildFile; fileRef = FABE008326BDB3D0003E8F24 /* Assets.xcassets */; };
		FABE008726BDB3D0003E8F24 /* LaunchScreen.storyboard in Resources */ = {isa = PBXBuildFile; fileRef = FABE008526BDB3D0003E8F24 /* LaunchScreen.storyboard */; };
		FABE009326BE0ECF003E8F24 /* LoginForm.swift in Sources */ = {isa = PBXBuildFile; fileRef = FABE009226BE0ECF003E8F24 /* LoginForm.swift */; };
/* End PBXBuildFile section */

/* Begin PBXFileReference section */
		FABE007726BDB3CF003E8F24 /* mySun.app */ = {isa = PBXFileReference; explicitFileType = wrapper.application; includeInIndex = 0; path = mySun.app; sourceTree = BUILT_PRODUCTS_DIR; };
		FABE007A26BDB3CF003E8F24 /* AppDelegate.swift */ = {isa = PBXFileReference; lastKnownFileType = sourcecode.swift; path = AppDelegate.swift; sourceTree = "<group>"; };
		FABE007C26BDB3CF003E8F24 /* SceneDelegate.swift */ = {isa = PBXFileReference; lastKnownFileType = sourcecode.swift; path = SceneDelegate.swift; sourceTree = "<group>"; };
		FABE007E26BDB3CF003E8F24 /* ViewController.swift */ = {isa = PBXFileReference; lastKnownFileType = sourcecode.swift; path = ViewController.swift; sourceTree = "<group>"; };
		FABE008126BDB3CF003E8F24 /* Base */ = {isa = PBXFileReference; lastKnownFileType = file.storyboard; name = Base; path = Base.lproj/Main.storyboard; sourceTree = "<group>"; };
		FABE008326BDB3D0003E8F24 /* Assets.xcassets */ = {isa = PBXFileReference; lastKnownFileType = folder.assetcatalog; path = Assets.xcassets; sourceTree = "<group>"; };
		FABE008626BDB3D0003E8F24 /* Base */ = {isa = PBXFileReference; lastKnownFileType = file.storyboard; name = Base; path = Base.lproj/LaunchScreen.storyboard; sourceTree = "<group>"; };
		FABE008826BDB3D0003E8F24 /* Info.plist */ = {isa = PBXFileReference; lastKnownFileType = text.plist.xml; path = Info.plist; sourceTree = "<group>"; };
		FABE009226BE0ECF003E8F24 /* LoginForm.swift */ = {isa = PBXFileReference; lastKnownFileType = sourcecode.swift; path = LoginForm.swift; sourceTree = "<group>"; };
/* End PBXFileReference section */

/* Begin PBXFrameworksBuildPhase section */
		FABE007426BDB3CF003E8F24 /* Frameworks */ = {
			isa = PBXFrameworksBuildPhase;
			buildActionMask = 2147483647;
			files = (
			);
			runOnlyForDeploymentPostprocessing = 0;
		};
/* End PBXFrameworksBuildPhase section */

/* Begin PBXGroup section */
		FABE006E26BDB3CF003E8F24 = {
			isa = PBXGroup;
			children = (
				FABE007926BDB3CF003E8F24 /* mySun */,
				FABE007826BDB3CF003E8F24 /* Products */,
			);
			sourceTree = "<group>";
		};
		FABE007826BDB3CF003E8F24 /* Products */ = {
			isa = PBXGroup;
			children = (
				FABE007726BDB3CF003E8F24 /* mySun.app */,
			);
			name = Products;
			sourceTree = "<group>";
		};
		FABE007926BDB3CF003E8F24 /* mySun */ = {
			isa = PBXGroup;
			children = (
				FABE009026BE0E61003E8F24 /* CodeFiles */,
				FABE008E26BDCBFB003E8F24 /* AppDiligate */,
				FABE008F26BDCF88003E8F24 /* Test */,
				FABE008026BDB3CF003E8F24 /* Main.storyboard */,
				FABE008326BDB3D0003E8F24 /* Assets.xcassets */,
				FABE008526BDB3D0003E8F24 /* LaunchScreen.storyboard */,
				FABE008826BDB3D0003E8F24 /* Info.plist */,
			);
			path = mySun;
			sourceTree = "<group>";
		};
		FABE008E26BDCBFB003E8F24 /* AppDiligate */ = {
			isa = PBXGroup;
			children = (
				FABE007A26BDB3CF003E8F24 /* AppDelegate.swift */,
				FABE007C26BDB3CF003E8F24 /* SceneDelegate.swift */,
			);
			path = AppDiligate;
			sourceTree = "<group>";
		};
		FABE008F26BDCF88003E8F24 /* Test */ = {
			isa = PBXGroup;
			children = (
				FABE007E26BDB3CF003E8F24 /* ViewController.swift */,
			);
			path = Test;
			sourceTree = "<group>";
		};
		FABE009026BE0E61003E8F24 /* CodeFiles */ = {
			isa = PBXGroup;
			children = (
				FABE009126BE0E9D003E8F24 /* LoginForm */,
			);
			path = CodeFiles;
			sourceTree = "<group>";
		};
		FABE009126BE0E9D003E8F24 /* LoginForm */ = {
			isa = PBXGroup;
			children = (
				FABE009226BE0ECF003E8F24 /* LoginForm.swift */,
			);
			path = LoginForm;
			sourceTree = "<group>";
		};
/* End PBXGroup section */

/* Begin PBXNativeTarget section */
		FABE007626BDB3CF003E8F24 /* mySun */ = {
			isa = PBXNativeTarget;
			buildConfigurationList = FABE008B26BDB3D0003E8F24 /* Build configuration list for PBXNativeTarget "mySun" */;
			buildPhases = (
				FABE007326BDB3CF003E8F24 /* Sources */,
				FABE007426BDB3CF003E8F24 /* Frameworks */,
				FABE007526BDB3CF003E8F24 /* Resources */,
			);
			buildRules = (
			);
			dependencies = (
			);
			name = mySun;
			productName = mySun;
			productReference = FABE007726BDB3CF003E8F24 /* mySun.app */;
			productType = "com.apple.product-type.application";
		};
/* End PBXNativeTarget section */

/* Begin PBXProject section */
		FABE006F26BDB3CF003E8F24 /* Project object */ = {
			isa = PBXProject;
			attributes = {
				LastSwiftUpdateCheck = 1250;
				LastUpgradeCheck = 1250;
				TargetAttributes = {
					FABE007626BDB3CF003E8F24 = {
						CreatedOnToolsVersion = 12.5;
					};
				};
			};
			buildConfigurationList = FABE007226BDB3CF003E8F24 /* Build configuration list for PBXProject "mySun" */;
			compatibilityVersion = "Xcode 9.3";
			developmentRegion = en;
			hasScannedForEncodings = 0;
			knownRegions = (
				en,
				Base,
			);
			mainGroup = FABE006E26BDB3CF003E8F24;
			productRefGroup = FABE007826BDB3CF003E8F24 /* Products */;
			projectDirPath = "";
			projectRoot = "";
			targets = (
				FABE007626BDB3CF003E8F24 /* mySun */,
			);
		};
/* End PBXProject section */

/* Begin PBXResourcesBuildPhase section */
		FABE007526BDB3CF003E8F24 /* Resources */ = {
			isa = PBXResourcesBuildPhase;
			buildActionMask = 2147483647;
			files = (
				FABE008726BDB3D0003E8F24 /* LaunchScreen.storyboard in Resources */,
				FABE008426BDB3D0003E8F24 /* Assets.xcassets in Resources */,
				FABE008226BDB3CF003E8F24 /* Main.storyboard in Resources */,
			);
			runOnlyForDeploymentPostprocessing = 0;
		};
/* End PBXResourcesBuildPhase section */

/* Begin PBXSourcesBuildPhase section */
		FABE007326BDB3CF003E8F24 /* Sources */ = {
			isa = PBXSourcesBuildPhase;
			buildActionMask = 2147483647;
			files = (
				FABE007F26BDB3CF003E8F24 /* ViewController.swift in Sources */,
				FABE007B26BDB3CF003E8F24 /* AppDelegate.swift in Sources */,
				FABE007D26BDB3CF003E8F24 /* SceneDelegate.swift in Sources */,
				FABE009326BE0ECF003E8F24 /* LoginForm.swift in Sources */,
			);
			runOnlyForDeploymentPostprocessing = 0;
		};
/* End PBXSourcesBuildPhase section */

/* Begin PBXVariantGroup section */
		FABE008026BDB3CF003E8F24 /* Main.storyboard */ = {
			isa = PBXVariantGroup;
			children = (
				FABE008126BDB3CF003E8F24 /* Base */,
			);
			name = Main.storyboard;
			sourceTree = "<group>";
		};
		FABE008526BDB3D0003E8F24 /* LaunchScreen.storyboard */ = {
			isa = PBXVariantGroup;
			children = (
				FABE008626BDB3D0003E8F24 /* Base */,
			);
			name = LaunchScreen.storyboard;
			sourceTree = "<group>";
		};
/* End PBXVariantGroup section */

/* Begin XCBuildConfiguration section */
		FABE008926BDB3D0003E8F24 /* Debug */ = {
			isa = XCBuildConfiguration;
			buildSettings = {
				ALWAYS_SEARCH_USER_PATHS = NO;
				CLANG_ANALYZER_NONNULL = YES;
				CLANG_ANALYZER_NUMBER_OBJECT_CONVERSION = YES_AGGRESSIVE;
				CLANG_CXX_LANGUAGE_STANDARD = "gnu++14";
				CLANG_CXX_LIBRARY = "libc++";
				CLANG_ENABLE_MODULES = YES;
				CLANG_ENABLE_OBJC_ARC = YES;
				CLANG_ENABLE_OBJC_WEAK = YES;
				CLANG_WARN_BLOCK_CAPTURE_AUTORELEASING = YES;
				CLANG_WARN_BOOL_CONVERSION = YES;
				CLANG_WARN_COMMA = YES;
				CLANG_WARN_CONSTANT_CONVERSION = YES;
				CLANG_WARN_DEPRECATED_OBJC_IMPLEMENTATIONS = YES;
				CLANG_WARN_DIRECT_OBJC_ISA_USAGE = YES_ERROR;
				CLANG_WARN_DOCUMENTATION_COMMENTS = YES;
				CLANG_WARN_EMPTY_BODY = YES;
				CLANG_WARN_ENUM_CONVERSION = YES;
				CLANG_WARN_INFINITE_RECURSION = YES;
				CLANG_WARN_INT_CONVERSION = YES;
				CLANG_WARN_NON_LITERAL_NULL_CONVERSION = YES;
				CLANG_WARN_OBJC_IMPLICIT_RETAIN_SELF = YES;
				CLANG_WARN_OBJC_LITERAL_CONVERSION = YES;
				CLANG_WARN_OBJC_ROOT_CLASS = YES_ERROR;
				CLANG_WARN_QUOTED_INCLUDE_IN_FRAMEWORK_HEADER = YES;
				CLANG_WARN_RANGE_LOOP_ANALYSIS = YES;
				CLANG_WARN_STRICT_PROTOTYPES = YES;
				CLANG_WARN_SUSPICIOUS_MOVE = YES;
				CLANG_WARN_UNGUARDED_AVAILABILITY = YES_AGGRESSIVE;
				CLANG_WARN_UNREACHABLE_CODE = YES;
				CLANG_WARN__DUPLICATE_METHOD_MATCH = YES;
				COPY_PHASE_STRIP = NO;
				DEBUG_INFORMATION_FORMAT = dwarf;
				ENABLE_STRICT_OBJC_MSGSEND = YES;
				ENABLE_TESTABILITY = YES;
				GCC_C_LANGUAGE_STANDARD = gnu11;
				GCC_DYNAMIC_NO_PIC = NO;
				GCC_NO_COMMON_BLOCKS = YES;
				GCC_OPTIMIZATION_LEVEL = 0;
				GCC_PREPROCESSOR_DEFINITIONS = (
					"DEBUG=1",
					"$(inherited)",
				);
				GCC_WARN_64_TO_32_BIT_CONVERSION = YES;
				GCC_WARN_ABOUT_RETURN_TYPE = YES_ERROR;
				GCC_WARN_UNDECLARED_SELECTOR = YES;
				GCC_WARN_UNINITIALIZED_AUTOS = YES_AGGRESSIVE;
				GCC_WARN_UNUSED_FUNCTION = YES;
				GCC_WARN_UNUSED_VARIABLE = YES;
				IPHONEOS_DEPLOYMENT_TARGET = 14.5;
				MTL_ENABLE_DEBUG_INFO = INCLUDE_SOURCE;
				MTL_FAST_MATH = YES;
				ONLY_ACTIVE_ARCH = YES;
				SDKROOT = iphoneos;
				SWIFT_ACTIVE_COMPILATION_CONDITIONS = DEBUG;
				SWIFT_OPTIMIZATION_LEVEL = "-Onone";
			};
			name = Debug;
		};
		FABE008A26BDB3D0003E8F24 /* Release */ = {
			isa = XCBuildConfiguration;
			buildSettings = {
				ALWAYS_SEARCH_USER_PATHS = NO;
				CLANG_ANALYZER_NONNULL = YES;
				CLANG_ANALYZER_NUMBER_OBJECT_CONVERSION = YES_AGGRESSIVE;
				CLANG_CXX_LANGUAGE_STANDARD = "gnu++14";
				CLANG_CXX_LIBRARY = "libc++";
				CLANG_ENABLE_MODULES = YES;
				CLANG_ENABLE_OBJC_ARC = YES;
				CLANG_ENABLE_OBJC_WEAK = YES;
				CLANG_WARN_BLOCK_CAPTURE_AUTORELEASING = YES;
				CLANG_WARN_BOOL_CONVERSION = YES;
				CLANG_WARN_COMMA = YES;
				CLANG_WARN_CONSTANT_CONVERSION = YES;
				CLANG_WARN_DEPRECATED_OBJC_IMPLEMENTATIONS = YES;
				CLANG_WARN_DIRECT_OBJC_ISA_USAGE = YES_ERROR;
				CLANG_WARN_DOCUMENTATION_COMMENTS = YES;
				CLANG_WARN_EMPTY_BODY = YES;
				CLANG_WARN_ENUM_CONVERSION = YES;
				CLANG_WARN_INFINITE_RECURSION = YES;
				CLANG_WARN_INT_CONVERSION = YES;
				CLANG_WARN_NON_LITERAL_NULL_CONVERSION = YES;
				CLANG_WARN_OBJC_IMPLICIT_RETAIN_SELF = YES;
				CLANG_WARN_OBJC_LITERAL_CONVERSION = YES;
				CLANG_WARN_OBJC_ROOT_CLASS = YES_ERROR;
				CLANG_WARN_QUOTED_INCLUDE_IN_FRAMEWORK_HEADER = YES;
				CLANG_WARN_RANGE_LOOP_ANALYSIS = YES;
				CLANG_WARN_STRICT_PROTOTYPES = YES;
				CLANG_WARN_SUSPICIOUS_MOVE = YES;
				CLANG_WARN_UNGUARDED_AVAILABILITY = YES_AGGRESSIVE;
				CLANG_WARN_UNREACHABLE_CODE = YES;
				CLANG_WARN__DUPLICATE_METHOD_MATCH = YES;
				COPY_PHASE_STRIP = NO;
				DEBUG_INFORMATION_FORMAT = "dwarf-with-dsym";
				ENABLE_NS_ASSERTIONS = NO;
				ENABLE_STRICT_OBJC_MSGSEND = YES;
				GCC_C_LANGUAGE_STANDARD = gnu11;
				GCC_NO_COMMON_BLOCKS = YES;
				GCC_WARN_64_TO_32_BIT_CONVERSION = YES;
				GCC_WARN_ABOUT_RETURN_TYPE = YES_ERROR;
				GCC_WARN_UNDECLARED_SELECTOR = YES;
				GCC_WARN_UNINITIALIZED_AUTOS = YES_AGGRESSIVE;
				GCC_WARN_UNUSED_FUNCTION = YES;
				GCC_WARN_UNUSED_VARIABLE = YES;
				IPHONEOS_DEPLOYMENT_TARGET = 14.5;
				MTL_ENABLE_DEBUG_INFO = NO;
				MTL_FAST_MATH = YES;
				SDKROOT = iphoneos;
				SWIFT_COMPILATION_MODE = wholemodule;
				SWIFT_OPTIMIZATION_LEVEL = "-O";
				VALIDATE_PRODUCT = YES;
			};
			name = Release;
		};
		FABE008C26BDB3D0003E8F24 /* Debug */ = {
			isa = XCBuildConfiguration;
			buildSettings = {
				ASSETCATALOG_COMPILER_APPICON_NAME = AppIcon;
				ASSETCATALOG_COMPILER_GLOBAL_ACCENT_COLOR_NAME = AccentColor;
				CODE_SIGN_STYLE = Automatic;
				DEVELOPMENT_TEAM = SYYG6AAJKP;
				INFOPLIST_FILE = mySun/Info.plist;
				IPHONEOS_DEPLOYMENT_TARGET = 14.5;
				LD_RUNPATH_SEARCH_PATHS = (
					"$(inherited)",
					"@executable_path/Frameworks",
				);
				PRODUCT_BUNDLE_IDENTIFIER = veronika.mySun;
				PRODUCT_NAME = "$(TARGET_NAME)";
				SWIFT_VERSION = 5.0;
				TARGETED_DEVICE_FAMILY = "1,2";
			};
			name = Debug;
		};
		FABE008D26BDB3D0003E8F24 /* Release */ = {
			isa = XCBuildConfiguration;
			buildSettings = {
				ASSETCATALOG_COMPILER_APPICON_NAME = AppIcon;
				ASSETCATALOG_COMPILER_GLOBAL_ACCENT_COLOR_NAME = AccentColor;
				CODE_SIGN_STYLE = Automatic;
				DEVELOPMENT_TEAM = SYYG6AAJKP;
				INFOPLIST_FILE = mySun/Info.plist;
				IPHONEOS_DEPLOYMENT_TARGET = 14.5;
				LD_RUNPATH_SEARCH_PATHS = (
					"$(inherited)",
					"@executable_path/Frameworks",
				);
				PRODUCT_BUNDLE_IDENTIFIER = veronika.mySun;
				PRODUCT_NAME = "$(TARGET_NAME)";
				SWIFT_VERSION = 5.0;
				TARGETED_DEVICE_FAMILY = "1,2";
			};
			name = Release;
		};
/* End XCBuildConfiguration section */

/* Begin XCConfigurationList section */
		FABE007226BDB3CF003E8F24 /* Build configuration list for PBXProject "mySun" */ = {
			isa = XCConfigurationList;
			buildConfigurations = (
				FABE008926BDB3D0003E8F24 /* Debug */,
				FABE008A26BDB3D0003E8F24 /* Release */,
			);
			defaultConfigurationIsVisible = 0;
			defaultConfigurationName = Release;
		};
		FABE008B26BDB3D0003E8F24 /* Build configuration list for PBXNativeTarget "mySun" */ = {
			isa = XCConfigurationList;
			buildConfigurations = (
				FABE008C26BDB3D0003E8F24 /* Debug */,
				FABE008D26BDB3D0003E8F24 /* Release */,
			);
			defaultConfigurationIsVisible = 0;
			defaultConfigurationName = Release;
		};
/* End XCConfigurationList section */
	};
	rootObject = FABE006F26BDB3CF003E8F24 /* Project object */;
}
